
Microsoft Visual Studio Solution File, Format Version 12.00
# Visual Studio Version 17
VisualStudioVersion = 17.5.33402.96
MinimumVisualStudioVersion = 10.0.40219.1
Project("{FAE04EC0-301F-11D3-BF4B-00C04F79EFBC}") = "CSV_Assignment", "CSV_Assignment.csproj", "{179D48AE-68F6-4EFD-A71D-8AFABEEBA9A4}"
EndProject
Global
	GlobalSection(SolutionConfigurationPlatforms) = preSolution
		Debug|Any CPU = Debug|Any CPU
		Release|Any CPU = Release|Any CPU
	EndGlobalSection
	GlobalSection(ProjectConfigurationPlatforms) = postSolution
		{179D48AE-68F6-4EFD-A71D-8AFABEEBA9A4}.Debug|Any CPU.ActiveCfg = Debug|Any CPU
		{179D48AE-68F6-4EFD-A71D-8AFABEEBA9A4}.Debug|Any CPU.Build.0 = Debug|Any CPU
		{179D48AE-68F6-4EFD-A71D-8AFABEEBA9A4}.Release|Any CPU.ActiveCfg = Release|Any CPU
		{179D48AE-68F6-4EFD-A71D-8AFABEEBA9A4}.Release|Any CPU.Build.0 = Release|Any CPU
	EndGlobalSection
	GlobalSection(SolutionProperties) = preSolution
		HideSolutionNode = FALSE
	EndGlobalSection
	GlobalSection(ExtensibilityGlobals) = postSolution
		SolutionGuid = {3C944190-DBB6-40AE-9763-0C09CD3BCDBD}
	EndGlobalSection
EndGlobal
